
Microsoft Visual Studio Solution File, Format Version 11.00
# Visual Studio 2010
Project("{FAE04EC0-301F-11D3-BF4B-00C04F79EFBC}") = "Assembly-CSharp", "Assembly-CSharp.csproj", "{7DB63DFF-1EE4-B3FA-27CF-2FB3F7CD56C9}"
EndProject
Project("{FAE04EC0-301F-11D3-BF4B-00C04F79EFBC}") = "Assembly-CSharp-Editor", "Assembly-CSharp-Editor.csproj", "{8085235E-E561-D0A4-2BDF-C6AC9E41743A}"
EndProject
Global
	GlobalSection(SolutionConfigurationPlatforms) = preSolution
		Debug|Any CPU = Debug|Any CPU
		Release|Any CPU = Release|Any CPU
	EndGlobalSection
	GlobalSection(ProjectConfigurationPlatforms) = postSolution
		{7DB63DFF-1EE4-B3FA-27CF-2FB3F7CD56C9}.Debug|Any CPU.ActiveCfg = Debug|Any CPU
		{7DB63DFF-1EE4-B3FA-27CF-2FB3F7CD56C9}.Debug|Any CPU.Build.0 = Debug|Any CPU
		{7DB63DFF-1EE4-B3FA-27CF-2FB3F7CD56C9}.Release|Any CPU.ActiveCfg = Release|Any CPU
		{7DB63DFF-1EE4-B3FA-27CF-2FB3F7CD56C9}.Release|Any CPU.Build.0 = Release|Any CPU
		{8085235E-E561-D0A4-2BDF-C6AC9E41743A}.Debug|Any CPU.ActiveCfg = Debug|Any CPU
		{8085235E-E561-D0A4-2BDF-C6AC9E41743A}.Debug|Any CPU.Build.0 = Debug|Any CPU
		{8085235E-E561-D0A4-2BDF-C6AC9E41743A}.Release|Any CPU.ActiveCfg = Release|Any CPU
		{8085235E-E561-D0A4-2BDF-C6AC9E41743A}.Release|Any CPU.Build.0 = Release|Any CPU
	EndGlobalSection
	GlobalSection(SolutionProperties) = preSolution
		HideSolutionNode = FALSE
	EndGlobalSection
EndGlobal
